// !$*UTF8*$!
{
	archiveVersion = 1;
	classes = {
	};
	objectVersion = 46;
	objects = {

/* Begin PBXBuildFile section */
		2528CEA81DA07E6400CEBD9A /* ComparePageViewController.swift in Sources */ = {isa = PBXBuildFile; fileRef = 2528CEA71DA07E6400CEBD9A /* ComparePageViewController.swift */; };
		2551CE751DA03A9000B7410A /* ResultPageViewController.swift in Sources */ = {isa = PBXBuildFile; fileRef = 2551CE741DA03A9000B7410A /* ResultPageViewController.swift */; };
		2551CE771DA03AF900B7410A /* HelpPageViewController.swift in Sources */ = {isa = PBXBuildFile; fileRef = 2551CE761DA03AF900B7410A /* HelpPageViewController.swift */; };
		2551CE791DA03B9000B7410A /* TabBarController.swift in Sources */ = {isa = PBXBuildFile; fileRef = 2551CE781DA03B9000B7410A /* TabBarController.swift */; };
		2551CE7D1DA0556E00B7410A /* ResultTableViewCell.swift in Sources */ = {isa = PBXBuildFile; fileRef = 2551CE7C1DA0556E00B7410A /* ResultTableViewCell.swift */; };
		29724C271D9EF765001140B6 /* AppDelegate.swift in Sources */ = {isa = PBXBuildFile; fileRef = 29724C261D9EF765001140B6 /* AppDelegate.swift */; };
		29724C291D9EF765001140B6 /* SearchPageViewController.swift in Sources */ = {isa = PBXBuildFile; fileRef = 29724C281D9EF765001140B6 /* SearchPageViewController.swift */; };
		29724C2C1D9EF765001140B6 /* Main.storyboard in Resources */ = {isa = PBXBuildFile; fileRef = 29724C2A1D9EF765001140B6 /* Main.storyboard */; };
		29724C2E1D9EF765001140B6 /* Assets.xcassets in Resources */ = {isa = PBXBuildFile; fileRef = 29724C2D1D9EF765001140B6 /* Assets.xcassets */; };
		29724C311D9EF765001140B6 /* LaunchScreen.storyboard in Resources */ = {isa = PBXBuildFile; fileRef = 29724C2F1D9EF765001140B6 /* LaunchScreen.storyboard */; };
		29724C3C1D9EF765001140B6 /* SeapareTests.swift in Sources */ = {isa = PBXBuildFile; fileRef = 29724C3B1D9EF765001140B6 /* SeapareTests.swift */; };
		29724C471D9EF765001140B6 /* SeapareUITests.swift in Sources */ = {isa = PBXBuildFile; fileRef = 29724C461D9EF765001140B6 /* SeapareUITests.swift */; };
		3A2E70DC1DA343C100E25FD8 /* Brand.swift in Sources */ = {isa = PBXBuildFile; fileRef = 3A2E70DB1DA343C100E25FD8 /* Brand.swift */; };
		3A2E70DE1DA3441E00E25FD8 /* Device.swift in Sources */ = {isa = PBXBuildFile; fileRef = 3A2E70DD1DA3441E00E25FD8 /* Device.swift */; };
		3A2E70E01DA345FD00E25FD8 /* CellPhone.swift in Sources */ = {isa = PBXBuildFile; fileRef = 3A2E70DF1DA345FD00E25FD8 /* CellPhone.swift */; };
		3A2E70E21DA34B0700E25FD8 /* Processor.swift in Sources */ = {isa = PBXBuildFile; fileRef = 3A2E70E11DA34B0700E25FD8 /* Processor.swift */; };
		3A2E70E41DA34BC800E25FD8 /* Network.swift in Sources */ = {isa = PBXBuildFile; fileRef = 3A2E70E31DA34BC800E25FD8 /* Network.swift */; };
		3A2E70E61DA34C1C00E25FD8 /* Colour.swift in Sources */ = {isa = PBXBuildFile; fileRef = 3A2E70E51DA34C1C00E25FD8 /* Colour.swift */; };
/* End PBXBuildFile section */

/* Begin PBXContainerItemProxy section */
		29724C381D9EF765001140B6 /* PBXContainerItemProxy */ = {
			isa = PBXContainerItemProxy;
			containerPortal = 29724C1B1D9EF765001140B6 /* Project object */;
			proxyType = 1;
			remoteGlobalIDString = 29724C221D9EF765001140B6;
			remoteInfo = Seapare;
		};
		29724C431D9EF765001140B6 /* PBXContainerItemProxy */ = {
			isa = PBXContainerItemProxy;
			containerPortal = 29724C1B1D9EF765001140B6 /* Project object */;
			proxyType = 1;
			remoteGlobalIDString = 29724C221D9EF765001140B6;
			remoteInfo = Seapare;
		};
/* End PBXContainerItemProxy section */

/* Begin PBXFileReference section */
		2528CEA71DA07E6400CEBD9A /* ComparePageViewController.swift */ = {isa = PBXFileReference; fileEncoding = 4; lastKnownFileType = sourcecode.swift; path = ComparePageViewController.swift; sourceTree = "<group>"; };
		2551CE741DA03A9000B7410A /* ResultPageViewController.swift */ = {isa = PBXFileReference; fileEncoding = 4; lastKnownFileType = sourcecode.swift; path = ResultPageViewController.swift; sourceTree = "<group>"; };
		2551CE761DA03AF900B7410A /* HelpPageViewController.swift */ = {isa = PBXFileReference; fileEncoding = 4; lastKnownFileType = sourcecode.swift; path = HelpPageViewController.swift; sourceTree = "<group>"; };
		2551CE781DA03B9000B7410A /* TabBarController.swift */ = {isa = PBXFileReference; fileEncoding = 4; lastKnownFileType = sourcecode.swift; path = TabBarController.swift; sourceTree = "<group>"; };
		2551CE7C1DA0556E00B7410A /* ResultTableViewCell.swift */ = {isa = PBXFileReference; fileEncoding = 4; lastKnownFileType = sourcecode.swift; path = ResultTableViewCell.swift; sourceTree = "<group>"; };
		29724C231D9EF765001140B6 /* Seapare.app */ = {isa = PBXFileReference; explicitFileType = wrapper.application; includeInIndex = 0; path = Seapare.app; sourceTree = BUILT_PRODUCTS_DIR; };
		29724C261D9EF765001140B6 /* AppDelegate.swift */ = {isa = PBXFileReference; lastKnownFileType = sourcecode.swift; path = AppDelegate.swift; sourceTree = "<group>"; };
		29724C281D9EF765001140B6 /* SearchPageViewController.swift */ = {isa = PBXFileReference; lastKnownFileType = sourcecode.swift; path = SearchPageViewController.swift; sourceTree = "<group>"; };
		29724C2B1D9EF765001140B6 /* Base */ = {isa = PBXFileReference; lastKnownFileType = file.storyboard; name = Base; path = Base.lproj/Main.storyboard; sourceTree = "<group>"; };
		29724C2D1D9EF765001140B6 /* Assets.xcassets */ = {isa = PBXFileReference; lastKnownFileType = folder.assetcatalog; path = Assets.xcassets; sourceTree = "<group>"; };
		29724C301D9EF765001140B6 /* Base */ = {isa = PBXFileReference; lastKnownFileType = file.storyboard; name = Base; path = Base.lproj/LaunchScreen.storyboard; sourceTree = "<group>"; };
		29724C321D9EF765001140B6 /* Info.plist */ = {isa = PBXFileReference; lastKnownFileType = text.plist.xml; path = Info.plist; sourceTree = "<group>"; };
		29724C371D9EF765001140B6 /* SeapareTests.xctest */ = {isa = PBXFileReference; explicitFileType = wrapper.cfbundle; includeInIndex = 0; path = SeapareTests.xctest; sourceTree = BUILT_PRODUCTS_DIR; };
		29724C3B1D9EF765001140B6 /* SeapareTests.swift */ = {isa = PBXFileReference; lastKnownFileType = sourcecode.swift; path = SeapareTests.swift; sourceTree = "<group>"; };
		29724C3D1D9EF765001140B6 /* Info.plist */ = {isa = PBXFileReference; lastKnownFileType = text.plist.xml; path = Info.plist; sourceTree = "<group>"; };
		29724C421D9EF765001140B6 /* SeapareUITests.xctest */ = {isa = PBXFileReference; explicitFileType = wrapper.cfbundle; includeInIndex = 0; path = SeapareUITests.xctest; sourceTree = BUILT_PRODUCTS_DIR; };
		29724C461D9EF765001140B6 /* SeapareUITests.swift */ = {isa = PBXFileReference; lastKnownFileType = sourcecode.swift; path = SeapareUITests.swift; sourceTree = "<group>"; };
		29724C481D9EF765001140B6 /* Info.plist */ = {isa = PBXFileReference; lastKnownFileType = text.plist.xml; path = Info.plist; sourceTree = "<group>"; };
		3A2E70DB1DA343C100E25FD8 /* Brand.swift */ = {isa = PBXFileReference; fileEncoding = 4; lastKnownFileType = sourcecode.swift; path = Brand.swift; sourceTree = "<group>"; };
		3A2E70DD1DA3441E00E25FD8 /* Device.swift */ = {isa = PBXFileReference; fileEncoding = 4; lastKnownFileType = sourcecode.swift; path = Device.swift; sourceTree = "<group>"; };
		3A2E70DF1DA345FD00E25FD8 /* CellPhone.swift */ = {isa = PBXFileReference; fileEncoding = 4; lastKnownFileType = sourcecode.swift; path = CellPhone.swift; sourceTree = "<group>"; };
		3A2E70E11DA34B0700E25FD8 /* Processor.swift */ = {isa = PBXFileReference; fileEncoding = 4; lastKnownFileType = sourcecode.swift; path = Processor.swift; sourceTree = "<group>"; };
		3A2E70E31DA34BC800E25FD8 /* Network.swift */ = {isa = PBXFileReference; fileEncoding = 4; lastKnownFileType = sourcecode.swift; path = Network.swift; sourceTree = "<group>"; };
		3A2E70E51DA34C1C00E25FD8 /* Colour.swift */ = {isa = PBXFileReference; fileEncoding = 4; lastKnownFileType = sourcecode.swift; path = Colour.swift; sourceTree = "<group>"; };
/* End PBXFileReference section */

/* Begin PBXFrameworksBuildPhase section */
		29724C201D9EF765001140B6 /* Frameworks */ = {
			isa = PBXFrameworksBuildPhase;
			buildActionMask = 2147483647;
			files = (
			);
			runOnlyForDeploymentPostprocessing = 0;
		};
		29724C341D9EF765001140B6 /* Frameworks */ = {
			isa = PBXFrameworksBuildPhase;
			buildActionMask = 2147483647;
			files = (
			);
			runOnlyForDeploymentPostprocessing = 0;
		};
		29724C3F1D9EF765001140B6 /* Frameworks */ = {
			isa = PBXFrameworksBuildPhase;
			buildActionMask = 2147483647;
			files = (
			);
			runOnlyForDeploymentPostprocessing = 0;
		};
/* End PBXFrameworksBuildPhase section */

/* Begin PBXGroup section */
		29724C1A1D9EF765001140B6 = {
			isa = PBXGroup;
			children = (
				29724C251D9EF765001140B6 /* Seapare */,
				29724C3A1D9EF765001140B6 /* SeapareTests */,
				29724C451D9EF765001140B6 /* SeapareUITests */,
				29724C241D9EF765001140B6 /* Products */,
			);
			sourceTree = "<group>";
		};
		29724C241D9EF765001140B6 /* Products */ = {
			isa = PBXGroup;
			children = (
				29724C231D9EF765001140B6 /* Seapare.app */,
				29724C371D9EF765001140B6 /* SeapareTests.xctest */,
				29724C421D9EF765001140B6 /* SeapareUITests.xctest */,
			);
			name = Products;
			sourceTree = "<group>";
		};
		29724C251D9EF765001140B6 /* Seapare */ = {
			isa = PBXGroup;
			children = (
				29724C541D9EF7BE001140B6 /* Entity */,
				29724C551D9EF7CE001140B6 /* Utility */,
				29724C561D9EF7EF001140B6 /* ViewController */,
				29724C261D9EF765001140B6 /* AppDelegate.swift */,
				29724C2A1D9EF765001140B6 /* Main.storyboard */,
				29724C2D1D9EF765001140B6 /* Assets.xcassets */,
				29724C2F1D9EF765001140B6 /* LaunchScreen.storyboard */,
				29724C321D9EF765001140B6 /* Info.plist */,
			);
			path = Seapare;
			sourceTree = "<group>";
		};
		29724C3A1D9EF765001140B6 /* SeapareTests */ = {
			isa = PBXGroup;
			children = (
				29724C3B1D9EF765001140B6 /* SeapareTests.swift */,
				29724C3D1D9EF765001140B6 /* Info.plist */,
			);
			path = SeapareTests;
			sourceTree = "<group>";
		};
		29724C451D9EF765001140B6 /* SeapareUITests */ = {
			isa = PBXGroup;
			children = (
				29724C461D9EF765001140B6 /* SeapareUITests.swift */,
				29724C481D9EF765001140B6 /* Info.plist */,
			);
			path = SeapareUITests;
			sourceTree = "<group>";
		};
		29724C541D9EF7BE001140B6 /* Entity */ = {
			isa = PBXGroup;
			children = (
				3A2E70DB1DA343C100E25FD8 /* Brand.swift */,
				3A2E70DD1DA3441E00E25FD8 /* Device.swift */,
				3A2E70DF1DA345FD00E25FD8 /* CellPhone.swift */,
				3A2E70E11DA34B0700E25FD8 /* Processor.swift */,
				3A2E70E31DA34BC800E25FD8 /* Network.swift */,
				3A2E70E51DA34C1C00E25FD8 /* Colour.swift */,
			);
			name = Entity;
			sourceTree = "<group>";
		};
		29724C551D9EF7CE001140B6 /* Utility */ = {
			isa = PBXGroup;
			children = (
			);
			name = Utility;
			sourceTree = "<group>";
		};
		29724C561D9EF7EF001140B6 /* ViewController */ = {
			isa = PBXGroup;
			children = (
				29724C281D9EF765001140B6 /* SearchPageViewController.swift */,
				2551CE761DA03AF900B7410A /* HelpPageViewController.swift */,
				2551CE781DA03B9000B7410A /* TabBarController.swift */,
				2551CE741DA03A9000B7410A /* ResultPageViewController.swift */,
				2551CE7C1DA0556E00B7410A /* ResultTableViewCell.swift */,
				2528CEA71DA07E6400CEBD9A /* ComparePageViewController.swift */,
			);
			name = ViewController;
			sourceTree = "<group>";
		};
/* End PBXGroup section */

/* Begin PBXNativeTarget section */
		29724C221D9EF765001140B6 /* Seapare */ = {
			isa = PBXNativeTarget;
			buildConfigurationList = 29724C4B1D9EF765001140B6 /* Build configuration list for PBXNativeTarget "Seapare" */;
			buildPhases = (
				29724C1F1D9EF765001140B6 /* Sources */,
				29724C201D9EF765001140B6 /* Frameworks */,
				29724C211D9EF765001140B6 /* Resources */,
			);
			buildRules = (
			);
			dependencies = (
			);
			name = Seapare;
			productName = Seapare;
			productReference = 29724C231D9EF765001140B6 /* Seapare.app */;
			productType = "com.apple.product-type.application";
		};
		29724C361D9EF765001140B6 /* SeapareTests */ = {
			isa = PBXNativeTarget;
			buildConfigurationList = 29724C4E1D9EF765001140B6 /* Build configuration list for PBXNativeTarget "SeapareTests" */;
			buildPhases = (
				29724C331D9EF765001140B6 /* Sources */,
				29724C341D9EF765001140B6 /* Frameworks */,
				29724C351D9EF765001140B6 /* Resources */,
			);
			buildRules = (
			);
			dependencies = (
				29724C391D9EF765001140B6 /* PBXTargetDependency */,
			);
			name = SeapareTests;
			productName = SeapareTests;
			productReference = 29724C371D9EF765001140B6 /* SeapareTests.xctest */;
			productType = "com.apple.product-type.bundle.unit-test";
		};
		29724C411D9EF765001140B6 /* SeapareUITests */ = {
			isa = PBXNativeTarget;
			buildConfigurationList = 29724C511D9EF765001140B6 /* Build configuration list for PBXNativeTarget "SeapareUITests" */;
			buildPhases = (
				29724C3E1D9EF765001140B6 /* Sources */,
				29724C3F1D9EF765001140B6 /* Frameworks */,
				29724C401D9EF765001140B6 /* Resources */,
			);
			buildRules = (
			);
			dependencies = (
				29724C441D9EF765001140B6 /* PBXTargetDependency */,
			);
			name = SeapareUITests;
			productName = SeapareUITests;
			productReference = 29724C421D9EF765001140B6 /* SeapareUITests.xctest */;
			productType = "com.apple.product-type.bundle.ui-testing";
		};
/* End PBXNativeTarget section */

/* Begin PBXProject section */
		29724C1B1D9EF765001140B6 /* Project object */ = {
			isa = PBXProject;
			attributes = {
				LastSwiftUpdateCheck = 0800;
				LastUpgradeCheck = 0800;
				ORGANIZATIONNAME = "Yuan Yao";
				TargetAttributes = {
					29724C221D9EF765001140B6 = {
						CreatedOnToolsVersion = 8.0;
						ProvisioningStyle = Automatic;
					};
					29724C361D9EF765001140B6 = {
						CreatedOnToolsVersion = 8.0;
						ProvisioningStyle = Automatic;
						TestTargetID = 29724C221D9EF765001140B6;
					};
					29724C411D9EF765001140B6 = {
						CreatedOnToolsVersion = 8.0;
						ProvisioningStyle = Automatic;
						TestTargetID = 29724C221D9EF765001140B6;
					};
				};
			};
			buildConfigurationList = 29724C1E1D9EF765001140B6 /* Build configuration list for PBXProject "Seapare" */;
			compatibilityVersion = "Xcode 3.2";
			developmentRegion = English;
			hasScannedForEncodings = 0;
			knownRegions = (
				en,
				Base,
			);
			mainGroup = 29724C1A1D9EF765001140B6;
			productRefGroup = 29724C241D9EF765001140B6 /* Products */;
			projectDirPath = "";
			projectRoot = "";
			targets = (
				29724C221D9EF765001140B6 /* Seapare */,
				29724C361D9EF765001140B6 /* SeapareTests */,
				29724C411D9EF765001140B6 /* SeapareUITests */,
			);
		};
/* End PBXProject section */

/* Begin PBXResourcesBuildPhase section */
		29724C211D9EF765001140B6 /* Resources */ = {
			isa = PBXResourcesBuildPhase;
			buildActionMask = 2147483647;
			files = (
				29724C311D9EF765001140B6 /* LaunchScreen.storyboard in Resources */,
				29724C2E1D9EF765001140B6 /* Assets.xcassets in Resources */,
				29724C2C1D9EF765001140B6 /* Main.storyboard in Resources */,
			);
			runOnlyForDeploymentPostprocessing = 0;
		};
		29724C351D9EF765001140B6 /* Resources */ = {
			isa = PBXResourcesBuildPhase;
			buildActionMask = 2147483647;
			files = (
			);
			runOnlyForDeploymentPostprocessing = 0;
		};
		29724C401D9EF765001140B6 /* Resources */ = {
			isa = PBXResourcesBuildPhase;
			buildActionMask = 2147483647;
			files = (
			);
			runOnlyForDeploymentPostprocessing = 0;
		};
/* End PBXResourcesBuildPhase section */

/* Begin PBXSourcesBuildPhase section */
		29724C1F1D9EF765001140B6 /* Sources */ = {
			isa = PBXSourcesBuildPhase;
			buildActionMask = 2147483647;
			files = (
				2551CE751DA03A9000B7410A /* ResultPageViewController.swift in Sources */,
				3A2E70DC1DA343C100E25FD8 /* Brand.swift in Sources */,
				3A2E70E41DA34BC800E25FD8 /* Network.swift in Sources */,
				3A2E70E21DA34B0700E25FD8 /* Processor.swift in Sources */,
				29724C291D9EF765001140B6 /* SearchPageViewController.swift in Sources */,
				3A2E70DE1DA3441E00E25FD8 /* Device.swift in Sources */,
				3A2E70E61DA34C1C00E25FD8 /* Colour.swift in Sources */,
				2551CE791DA03B9000B7410A /* TabBarController.swift in Sources */,
				29724C271D9EF765001140B6 /* AppDelegate.swift in Sources */,
				2551CE7D1DA0556E00B7410A /* ResultTableViewCell.swift in Sources */,
				2528CEA81DA07E6400CEBD9A /* ComparePageViewController.swift in Sources */,
				3A2E70E01DA345FD00E25FD8 /* CellPhone.swift in Sources */,
				2551CE771DA03AF900B7410A /* HelpPageViewController.swift in Sources */,
			);
			runOnlyForDeploymentPostprocessing = 0;
		};
		29724C331D9EF765001140B6 /* Sources */ = {
			isa = PBXSourcesBuildPhase;
			buildActionMask = 2147483647;
			files = (
				29724C3C1D9EF765001140B6 /* SeapareTests.swift in Sources */,
			);
			runOnlyForDeploymentPostprocessing = 0;
		};
		29724C3E1D9EF765001140B6 /* Sources */ = {
			isa = PBXSourcesBuildPhase;
			buildActionMask = 2147483647;
			files = (
				29724C471D9EF765001140B6 /* SeapareUITests.swift in Sources */,
			);
			runOnlyForDeploymentPostprocessing = 0;
		};
/* End PBXSourcesBuildPhase section */

/* Begin PBXTargetDependency section */
		29724C391D9EF765001140B6 /* PBXTargetDependency */ = {
			isa = PBXTargetDependency;
			target = 29724C221D9EF765001140B6 /* Seapare */;
			targetProxy = 29724C381D9EF765001140B6 /* PBXContainerItemProxy */;
		};
		29724C441D9EF765001140B6 /* PBXTargetDependency */ = {
			isa = PBXTargetDependency;
			target = 29724C221D9EF765001140B6 /* Seapare */;
			targetProxy = 29724C431D9EF765001140B6 /* PBXContainerItemProxy */;
		};
/* End PBXTargetDependency section */

/* Begin PBXVariantGroup section */
		29724C2A1D9EF765001140B6 /* Main.storyboard */ = {
			isa = PBXVariantGroup;
			children = (
				29724C2B1D9EF765001140B6 /* Base */,
			);
			name = Main.storyboard;
			sourceTree = "<group>";
		};
		29724C2F1D9EF765001140B6 /* LaunchScreen.storyboard */ = {
			isa = PBXVariantGroup;
			children = (
				29724C301D9EF765001140B6 /* Base */,
			);
			name = LaunchScreen.storyboard;
			sourceTree = "<group>";
		};
/* End PBXVariantGroup section */

/* Begin XCBuildConfiguration section */
		29724C491D9EF765001140B6 /* Debug */ = {
			isa = XCBuildConfiguration;
			buildSettings = {
				ALWAYS_SEARCH_USER_PATHS = NO;
				CLANG_ANALYZER_NONNULL = YES;
				CLANG_CXX_LANGUAGE_STANDARD = "gnu++0x";
				CLANG_CXX_LIBRARY = "libc++";
				CLANG_ENABLE_MODULES = YES;
				CLANG_ENABLE_OBJC_ARC = YES;
				CLANG_WARN_BOOL_CONVERSION = YES;
				CLANG_WARN_CONSTANT_CONVERSION = YES;
				CLANG_WARN_DIRECT_OBJC_ISA_USAGE = YES_ERROR;
				CLANG_WARN_DOCUMENTATION_COMMENTS = YES;
				CLANG_WARN_EMPTY_BODY = YES;
				CLANG_WARN_ENUM_CONVERSION = YES;
				CLANG_WARN_INFINITE_RECURSION = YES;
				CLANG_WARN_INT_CONVERSION = YES;
				CLANG_WARN_OBJC_ROOT_CLASS = YES_ERROR;
				CLANG_WARN_SUSPICIOUS_MOVES = YES;
				CLANG_WARN_UNREACHABLE_CODE = YES;
				CLANG_WARN__DUPLICATE_METHOD_MATCH = YES;
				"CODE_SIGN_IDENTITY[sdk=iphoneos*]" = "iPhone Developer";
				COPY_PHASE_STRIP = NO;
				DEBUG_INFORMATION_FORMAT = dwarf;
				ENABLE_STRICT_OBJC_MSGSEND = YES;
				ENABLE_TESTABILITY = YES;
				GCC_C_LANGUAGE_STANDARD = gnu99;
				GCC_DYNAMIC_NO_PIC = NO;
				GCC_NO_COMMON_BLOCKS = YES;
				GCC_OPTIMIZATION_LEVEL = 0;
				GCC_PREPROCESSOR_DEFINITIONS = (
					"DEBUG=1",
					"$(inherited)",
				);
				GCC_WARN_64_TO_32_BIT_CONVERSION = YES;
				GCC_WARN_ABOUT_RETURN_TYPE = YES_ERROR;
				GCC_WARN_UNDECLARED_SELECTOR = YES;
				GCC_WARN_UNINITIALIZED_AUTOS = YES_AGGRESSIVE;
				GCC_WARN_UNUSED_FUNCTION = YES;
				GCC_WARN_UNUSED_VARIABLE = YES;
				IPHONEOS_DEPLOYMENT_TARGET = 10.0;
				MTL_ENABLE_DEBUG_INFO = YES;
				ONLY_ACTIVE_ARCH = YES;
				SDKROOT = iphoneos;
				SWIFT_ACTIVE_COMPILATION_CONDITIONS = DEBUG;
				SWIFT_OPTIMIZATION_LEVEL = "-Onone";
				TARGETED_DEVICE_FAMILY = "1,2";
			};
			name = Debug;
		};
		29724C4A1D9EF765001140B6 /* Release */ = {
			isa = XCBuildConfiguration;
			buildSettings = {
				ALWAYS_SEARCH_USER_PATHS = NO;
				CLANG_ANALYZER_NONNULL = YES;
				CLANG_CXX_LANGUAGE_STANDARD = "gnu++0x";
				CLANG_CXX_LIBRARY = "libc++";
				CLANG_ENABLE_MODULES = YES;
				CLANG_ENABLE_OBJC_ARC = YES;
				CLANG_WARN_BOOL_CONVERSION = YES;
				CLANG_WARN_CONSTANT_CONVERSION = YES;
				CLANG_WARN_DIRECT_OBJC_ISA_USAGE = YES_ERROR;
				CLANG_WARN_DOCUMENTATION_COMMENTS = YES;
				CLANG_WARN_EMPTY_BODY = YES;
				CLANG_WARN_ENUM_CONVERSION = YES;
				CLANG_WARN_INFINITE_RECURSION = YES;
				CLANG_WARN_INT_CONVERSION = YES;
				CLANG_WARN_OBJC_ROOT_CLASS = YES_ERROR;
				CLANG_WARN_SUSPICIOUS_MOVES = YES;
				CLANG_WARN_UNREACHABLE_CODE = YES;
				CLANG_WARN__DUPLICATE_METHOD_MATCH = YES;
				"CODE_SIGN_IDENTITY[sdk=iphoneos*]" = "iPhone Developer";
				COPY_PHASE_STRIP = NO;
				DEBUG_INFORMATION_FORMAT = "dwarf-with-dsym";
				ENABLE_NS_ASSERTIONS = NO;
				ENABLE_STRICT_OBJC_MSGSEND = YES;
				GCC_C_LANGUAGE_STANDARD = gnu99;
				GCC_NO_COMMON_BLOCKS = YES;
				GCC_WARN_64_TO_32_BIT_CONVERSION = YES;
				GCC_WARN_ABOUT_RETURN_TYPE = YES_ERROR;
				GCC_WARN_UNDECLARED_SELECTOR = YES;
				GCC_WARN_UNINITIALIZED_AUTOS = YES_AGGRESSIVE;
				GCC_WARN_UNUSED_FUNCTION = YES;
				GCC_WARN_UNUSED_VARIABLE = YES;
				IPHONEOS_DEPLOYMENT_TARGET = 10.0;
				MTL_ENABLE_DEBUG_INFO = NO;
				SDKROOT = iphoneos;
				SWIFT_OPTIMIZATION_LEVEL = "-Owholemodule";
				TARGETED_DEVICE_FAMILY = "1,2";
				VALIDATE_PRODUCT = YES;
			};
			name = Release;
		};
		29724C4C1D9EF765001140B6 /* Debug */ = {
			isa = XCBuildConfiguration;
			buildSettings = {
				ASSETCATALOG_COMPILER_APPICON_NAME = AppIcon;
				INFOPLIST_FILE = Seapare/Info.plist;
				LD_RUNPATH_SEARCH_PATHS = "$(inherited) @executable_path/Frameworks";
				PRODUCT_BUNDLE_IDENTIFIER = Caddyshack.Seapare;
				PRODUCT_NAME = "$(TARGET_NAME)";
				SWIFT_VERSION = 3.0;
			};
			name = Debug;
		};
		29724C4D1D9EF765001140B6 /* Release */ = {
			isa = XCBuildConfiguration;
			buildSettings = {
				ASSETCATALOG_COMPILER_APPICON_NAME = AppIcon;
				INFOPLIST_FILE = Seapare/Info.plist;
				LD_RUNPATH_SEARCH_PATHS = "$(inherited) @executable_path/Frameworks";
				PRODUCT_BUNDLE_IDENTIFIER = Caddyshack.Seapare;
				PRODUCT_NAME = "$(TARGET_NAME)";
				SWIFT_VERSION = 3.0;
			};
			name = Release;
		};
		29724C4F1D9EF765001140B6 /* Debug */ = {
			isa = XCBuildConfiguration;
			buildSettings = {
				ALWAYS_EMBED_SWIFT_STANDARD_LIBRARIES = YES;
				BUNDLE_LOADER = "$(TEST_HOST)";
				INFOPLIST_FILE = SeapareTests/Info.plist;
				LD_RUNPATH_SEARCH_PATHS = "$(inherited) @executable_path/Frameworks @loader_path/Frameworks";
				PRODUCT_BUNDLE_IDENTIFIER = Caddyshack.SeapareTests;
				PRODUCT_NAME = "$(TARGET_NAME)";
				SWIFT_VERSION = 3.0;
				TEST_HOST = "$(BUILT_PRODUCTS_DIR)/Seapare.app/Seapare";
			};
			name = Debug;
		};
		29724C501D9EF765001140B6 /* Release */ = {
			isa = XCBuildConfiguration;
			buildSettings = {
				ALWAYS_EMBED_SWIFT_STANDARD_LIBRARIES = YES;
				BUNDLE_LOADER = "$(TEST_HOST)";
				INFOPLIST_FILE = SeapareTests/Info.plist;
				LD_RUNPATH_SEARCH_PATHS = "$(inherited) @executable_path/Frameworks @loader_path/Frameworks";
				PRODUCT_BUNDLE_IDENTIFIER = Caddyshack.SeapareTests;
				PRODUCT_NAME = "$(TARGET_NAME)";
				SWIFT_VERSION = 3.0;
				TEST_HOST = "$(BUILT_PRODUCTS_DIR)/Seapare.app/Seapare";
			};
			name = Release;
		};
		29724C521D9EF765001140B6 /* Debug */ = {
			isa = XCBuildConfiguration;
			buildSettings = {
				ALWAYS_EMBED_SWIFT_STANDARD_LIBRARIES = YES;
				INFOPLIST_FILE = SeapareUITests/Info.plist;
				LD_RUNPATH_SEARCH_PATHS = "$(inherited) @executable_path/Frameworks @loader_path/Frameworks";
				PRODUCT_BUNDLE_IDENTIFIER = Caddyshack.SeapareUITests;
				PRODUCT_NAME = "$(TARGET_NAME)";
				SWIFT_VERSION = 3.0;
				TEST_TARGET_NAME = Seapare;
			};
			name = Debug;
		};
		29724C531D9EF765001140B6 /* Release */ = {
			isa = XCBuildConfiguration;
			buildSettings = {
				ALWAYS_EMBED_SWIFT_STANDARD_LIBRARIES = YES;
				INFOPLIST_FILE = SeapareUITests/Info.plist;
				LD_RUNPATH_SEARCH_PATHS = "$(inherited) @executable_path/Frameworks @loader_path/Frameworks";
				PRODUCT_BUNDLE_IDENTIFIER = Caddyshack.SeapareUITests;
				PRODUCT_NAME = "$(TARGET_NAME)";
				SWIFT_VERSION = 3.0;
				TEST_TARGET_NAME = Seapare;
			};
			name = Release;
		};
/* End XCBuildConfiguration section */

/* Begin XCConfigurationList section */
		29724C1E1D9EF765001140B6 /* Build configuration list for PBXProject "Seapare" */ = {
			isa = XCConfigurationList;
			buildConfigurations = (
				29724C491D9EF765001140B6 /* Debug */,
				29724C4A1D9EF765001140B6 /* Release */,
			);
			defaultConfigurationIsVisible = 0;
			defaultConfigurationName = Release;
		};
		29724C4B1D9EF765001140B6 /* Build configuration list for PBXNativeTarget "Seapare" */ = {
			isa = XCConfigurationList;
			buildConfigurations = (
				29724C4C1D9EF765001140B6 /* Debug */,
				29724C4D1D9EF765001140B6 /* Release */,
			);
			defaultConfigurationIsVisible = 0;
			defaultConfigurationName = Release;
		};
		29724C4E1D9EF765001140B6 /* Build configuration list for PBXNativeTarget "SeapareTests" */ = {
			isa = XCConfigurationList;
			buildConfigurations = (
				29724C4F1D9EF765001140B6 /* Debug */,
				29724C501D9EF765001140B6 /* Release */,
			);
			defaultConfigurationIsVisible = 0;
			defaultConfigurationName = Release;
		};
		29724C511D9EF765001140B6 /* Build configuration list for PBXNativeTarget "SeapareUITests" */ = {
			isa = XCConfigurationList;
			buildConfigurations = (
				29724C521D9EF765001140B6 /* Debug */,
				29724C531D9EF765001140B6 /* Release */,
			);
			defaultConfigurationIsVisible = 0;
			defaultConfigurationName = Release;
		};
/* End XCConfigurationList section */
	};
	rootObject = 29724C1B1D9EF765001140B6 /* Project object */;
}
